
Microsoft Visual Studio Solution File, Format Version 12.00
# Visual Studio Version 17
VisualStudioVersion = 17.14.36414.22 d17.14
MinimumVisualStudioVersion = 10.0.40219.1
Project("{FAE04EC0-301F-11D3-BF4B-00C04F79EFBC}") = "Sorting", "Sorting\Sorting.csproj", "{CA6E7726-7B18-4BE3-8CB0-87AC3903F8FE}"
EndProject
Global
	GlobalSection(SolutionConfigurationPlatforms) = preSolution
		Debug|Any CPU = Debug|Any CPU
		Release|Any CPU = Release|Any CPU
	EndGlobalSection
	GlobalSection(ProjectConfigurationPlatforms) = postSolution
		{CA6E7726-7B18-4BE3-8CB0-87AC3903F8FE}.Debug|Any CPU.ActiveCfg = Debug|Any CPU
		{CA6E7726-7B18-4BE3-8CB0-87AC3903F8FE}.Debug|Any CPU.Build.0 = Debug|Any CPU
		{CA6E7726-7B18-4BE3-8CB0-87AC3903F8FE}.Release|Any CPU.ActiveCfg = Release|Any CPU
		{CA6E7726-7B18-4BE3-8CB0-87AC3903F8FE}.Release|Any CPU.Build.0 = Release|Any CPU
	EndGlobalSection
	GlobalSection(SolutionProperties) = preSolution
		HideSolutionNode = FALSE
	EndGlobalSection
	GlobalSection(ExtensibilityGlobals) = postSolution
		SolutionGuid = {E01C517C-BAC8-4DF3-8CFB-82C617B93DA1}
	EndGlobalSection
EndGlobal
